name: Generate package-lock.json

on:
  push:
    branches:
      - main

jobs:
  generate-lockfile:
    runs-on: ubuntu-latest

    steps:
      - name: Checkout code
        uses: actions/checkout@v3

      - name: Set up Node.js
        uses: actions/setup-node@v3
        with:
          node-version: '18'

      - name: Install dependencies
        run: npm install

      - name: List files
        run: ls -la

      - name: Commit package-lock.json
        run: |
          if [ -f package-lock.json ]; then
            git config --global user.name "GitHub Actions"
            git config --global user.email "github-actions@github.com"
            git add package-lock.json
            git commit -m "Generate package-lock.json"
            git push
          else
            echo "No package-lock.json to commit"
          fi
